PODS:
  - MMDrawerController (0.5.2):
    - MMDrawerController/Core
    - MMDrawerController/MMDrawerBarButtonItem
    - MMDrawerController/MMDrawerVisualStates
    - MMDrawerController/Subclass
  - MMDrawerController/Core (0.5.2)
  - MMDrawerController/MMDrawerBarButtonItem (0.5.2):
    - MMDrawerController/Core
  - MMDrawerController/MMDrawerVisualStates (0.5.2):
    - MMDrawerController/Core
  - MMDrawerController/Subclass (0.5.2):
    - MMDrawerController/Core
  - SWTableViewCell (0.2.3)

DEPENDENCIES:
  - MMDrawerController (~> 0.5.2)
  - SWTableViewCell (~> 0.2.3)

SPEC CHECKSUMS:
  MMDrawerController: 60bce0387ff42670d9a5a392e2f531be2fd39ce9
  SWTableViewCell: 270c3758a84547b1cad43d70b72203b3003ce27b

COCOAPODS: 0.29.0
